
Microsoft Visual Studio Solution File, Format Version 12.00
# Visual Studio 15
VisualStudioVersion = 15.0.27004.2002
MinimumVisualStudioVersion = 10.0.40219.1
Project("{FAE04EC0-301F-11D3-BF4B-00C04F79EFBC}") = "zadatak1", "zadatak1\zadatak1.csproj", "{D322C315-F57D-4283-AFA5-6985C6A980B3}"
EndProject
Project("{FAE04EC0-301F-11D3-BF4B-00C04F79EFBC}") = "zadatak2", "zadatak2\zadatak2.csproj", "{94261CDF-8250-4E15-9362-9770884628B4}"
EndProject
Project("{FAE04EC0-301F-11D3-BF4B-00C04F79EFBC}") = "zadatak3", "zadatak2Tests\zadatak3.csproj", "{B9BB9F79-85E3-4E0F-A533-6C28ADDBC986}"
EndProject
Project("{FAE04EC0-301F-11D3-BF4B-00C04F79EFBC}") = "zadatak4", "zadatak4\zadatak4.csproj", "{3441CEC2-3E92-46DC-9FA7-F6A73D8E1027}"
EndProject
Project("{FAE04EC0-301F-11D3-BF4B-00C04F79EFBC}") = "zadatak5", "zadatak5\zadatak5.csproj", "{3C04D3EE-15FD-457B-BBA5-B4D20AF013D0}"
EndProject
Global
	GlobalSection(SolutionConfigurationPlatforms) = preSolution
		Debug|Any CPU = Debug|Any CPU
		Release|Any CPU = Release|Any CPU
	EndGlobalSection
	GlobalSection(ProjectConfigurationPlatforms) = postSolution
		{D322C315-F57D-4283-AFA5-6985C6A980B3}.Debug|Any CPU.ActiveCfg = Debug|Any CPU
		{D322C315-F57D-4283-AFA5-6985C6A980B3}.Debug|Any CPU.Build.0 = Debug|Any CPU
		{D322C315-F57D-4283-AFA5-6985C6A980B3}.Release|Any CPU.ActiveCfg = Release|Any CPU
		{D322C315-F57D-4283-AFA5-6985C6A980B3}.Release|Any CPU.Build.0 = Release|Any CPU
		{94261CDF-8250-4E15-9362-9770884628B4}.Debug|Any CPU.ActiveCfg = Debug|Any CPU
		{94261CDF-8250-4E15-9362-9770884628B4}.Debug|Any CPU.Build.0 = Debug|Any CPU
		{94261CDF-8250-4E15-9362-9770884628B4}.Release|Any CPU.ActiveCfg = Release|Any CPU
		{94261CDF-8250-4E15-9362-9770884628B4}.Release|Any CPU.Build.0 = Release|Any CPU
		{B9BB9F79-85E3-4E0F-A533-6C28ADDBC986}.Debug|Any CPU.ActiveCfg = Debug|Any CPU
		{B9BB9F79-85E3-4E0F-A533-6C28ADDBC986}.Debug|Any CPU.Build.0 = Debug|Any CPU
		{B9BB9F79-85E3-4E0F-A533-6C28ADDBC986}.Release|Any CPU.ActiveCfg = Release|Any CPU
		{B9BB9F79-85E3-4E0F-A533-6C28ADDBC986}.Release|Any CPU.Build.0 = Release|Any CPU
		{3441CEC2-3E92-46DC-9FA7-F6A73D8E1027}.Debug|Any CPU.ActiveCfg = Debug|Any CPU
		{3441CEC2-3E92-46DC-9FA7-F6A73D8E1027}.Debug|Any CPU.Build.0 = Debug|Any CPU
		{3441CEC2-3E92-46DC-9FA7-F6A73D8E1027}.Release|Any CPU.ActiveCfg = Release|Any CPU
		{3441CEC2-3E92-46DC-9FA7-F6A73D8E1027}.Release|Any CPU.Build.0 = Release|Any CPU
		{3C04D3EE-15FD-457B-BBA5-B4D20AF013D0}.Debug|Any CPU.ActiveCfg = Debug|Any CPU
		{3C04D3EE-15FD-457B-BBA5-B4D20AF013D0}.Debug|Any CPU.Build.0 = Debug|Any CPU
		{3C04D3EE-15FD-457B-BBA5-B4D20AF013D0}.Release|Any CPU.ActiveCfg = Release|Any CPU
		{3C04D3EE-15FD-457B-BBA5-B4D20AF013D0}.Release|Any CPU.Build.0 = Release|Any CPU
	EndGlobalSection
	GlobalSection(SolutionProperties) = preSolution
		HideSolutionNode = FALSE
	EndGlobalSection
	GlobalSection(ExtensibilityGlobals) = postSolution
		SolutionGuid = {CEEE4118-C173-4358-BBB7-50345B2F41B9}
	EndGlobalSection
EndGlobal
